
Microsoft Visual Studio Solution File, Format Version 12.00
# Visual Studio Version 16
VisualStudioVersion = 16.6.30114.105
MinimumVisualStudioVersion = 10.0.40219.1
Project("{2150E333-8FDC-42A3-9474-1A3956D46DE8}") = "src", "src", "{86F43000-AA0C-4354-A762-A917AF51B70A}"
EndProject
Project("{FAE04EC0-301F-11D3-BF4B-00C04F79EFBC}") = "Kinetic", "src\Kinetic\Kinetic.csproj", "{5EB5DB5C-DC32-4698-AE35-51AE39D1BCE1}"
EndProject
Project("{2150E333-8FDC-42A3-9474-1A3956D46DE8}") = "test", "test", "{5C1A7536-6398-4865-B5B5-CFED6432F891}"
EndProject
Project("{FAE04EC0-301F-11D3-BF4B-00C04F79EFBC}") = "Kinetic.Tests", "test\Kinetic.Tests\Kinetic.Tests.csproj", "{E2CFDC2A-D6E7-42E9-ACA9-5E15036A1B98}"
EndProject
Project("{2150E333-8FDC-42A3-9474-1A3956D46DE8}") = "benches", "benches", "{0F4D41FE-0BB8-40C9-9B5A-4B125C9116D6}"
EndProject
Project("{FAE04EC0-301F-11D3-BF4B-00C04F79EFBC}") = "Kinetic.Benchmarks", "benches\Kinetic.Benchmarks\Kinetic.Benchmarks.csproj", "{B13957DF-EBB0-468C-86E9-57FDA9DFFA3B}"
EndProject
Project("{FAE04EC0-301F-11D3-BF4B-00C04F79EFBC}") = "Kinetic.Avalonia", "src\Kinetic.Avalonia\Kinetic.Avalonia.csproj", "{9CEF1690-1569-4E1F-BE7D-F8D8D94C834B}"
EndProject
Project("{FAE04EC0-301F-11D3-BF4B-00C04F79EFBC}") = "Kinetic.Avalonia.Tests", "test\Kinetic.Avalonia.Tests\Kinetic.Avalonia.Tests.csproj", "{F56F120C-8F5B-416C-A326-56CF4CC1AC7A}"
EndProject
Project("{FAE04EC0-301F-11D3-BF4B-00C04F79EFBC}") = "Kinetic.Wpf", "src\Kinetic.Wpf\Kinetic.Wpf.csproj", "{F8BA9A9F-1906-4E74-9A6F-22CF68765954}"
EndProject
Project("{FAE04EC0-301F-11D3-BF4B-00C04F79EFBC}") = "Kinetic.Wpf.Tests", "test\Kinetic.Wpf.Tests\Kinetic.Wpf.Tests.csproj", "{B601E982-4506-417D-A398-FE2B7076CFB5}"
EndProject
Global
	GlobalSection(SolutionConfigurationPlatforms) = preSolution
		Debug|Any CPU = Debug|Any CPU
		Debug|x64 = Debug|x64
		Debug|x86 = Debug|x86
		Release|Any CPU = Release|Any CPU
		Release|x64 = Release|x64
		Release|x86 = Release|x86
	EndGlobalSection
	GlobalSection(ProjectConfigurationPlatforms) = postSolution
		{5EB5DB5C-DC32-4698-AE35-51AE39D1BCE1}.Debug|Any CPU.ActiveCfg = Debug|Any CPU
		{5EB5DB5C-DC32-4698-AE35-51AE39D1BCE1}.Debug|Any CPU.Build.0 = Debug|Any CPU
		{5EB5DB5C-DC32-4698-AE35-51AE39D1BCE1}.Debug|x64.ActiveCfg = Debug|Any CPU
		{5EB5DB5C-DC32-4698-AE35-51AE39D1BCE1}.Debug|x64.Build.0 = Debug|Any CPU
		{5EB5DB5C-DC32-4698-AE35-51AE39D1BCE1}.Debug|x86.ActiveCfg = Debug|Any CPU
		{5EB5DB5C-DC32-4698-AE35-51AE39D1BCE1}.Debug|x86.Build.0 = Debug|Any CPU
		{5EB5DB5C-DC32-4698-AE35-51AE39D1BCE1}.Release|Any CPU.ActiveCfg = Release|Any CPU
		{5EB5DB5C-DC32-4698-AE35-51AE39D1BCE1}.Release|Any CPU.Build.0 = Release|Any CPU
		{5EB5DB5C-DC32-4698-AE35-51AE39D1BCE1}.Release|x64.ActiveCfg = Release|Any CPU
		{5EB5DB5C-DC32-4698-AE35-51AE39D1BCE1}.Release|x64.Build.0 = Release|Any CPU
		{5EB5DB5C-DC32-4698-AE35-51AE39D1BCE1}.Release|x86.ActiveCfg = Release|Any CPU
		{5EB5DB5C-DC32-4698-AE35-51AE39D1BCE1}.Release|x86.Build.0 = Release|Any CPU
		{E2CFDC2A-D6E7-42E9-ACA9-5E15036A1B98}.Debug|Any CPU.ActiveCfg = Debug|Any CPU
		{E2CFDC2A-D6E7-42E9-ACA9-5E15036A1B98}.Debug|Any CPU.Build.0 = Debug|Any CPU
		{E2CFDC2A-D6E7-42E9-ACA9-5E15036A1B98}.Debug|x64.ActiveCfg = Debug|Any CPU
		{E2CFDC2A-D6E7-42E9-ACA9-5E15036A1B98}.Debug|x64.Build.0 = Debug|Any CPU
		{E2CFDC2A-D6E7-42E9-ACA9-5E15036A1B98}.Debug|x86.ActiveCfg = Debug|Any CPU
		{E2CFDC2A-D6E7-42E9-ACA9-5E15036A1B98}.Debug|x86.Build.0 = Debug|Any CPU
		{E2CFDC2A-D6E7-42E9-ACA9-5E15036A1B98}.Release|Any CPU.ActiveCfg = Release|Any CPU
		{E2CFDC2A-D6E7-42E9-ACA9-5E15036A1B98}.Release|Any CPU.Build.0 = Release|Any CPU
		{E2CFDC2A-D6E7-42E9-ACA9-5E15036A1B98}.Release|x64.ActiveCfg = Release|Any CPU
		{E2CFDC2A-D6E7-42E9-ACA9-5E15036A1B98}.Release|x64.Build.0 = Release|Any CPU
		{E2CFDC2A-D6E7-42E9-ACA9-5E15036A1B98}.Release|x86.ActiveCfg = Release|Any CPU
		{E2CFDC2A-D6E7-42E9-ACA9-5E15036A1B98}.Release|x86.Build.0 = Release|Any CPU
		{B13957DF-EBB0-468C-86E9-57FDA9DFFA3B}.Debug|Any CPU.ActiveCfg = Debug|Any CPU
		{B13957DF-EBB0-468C-86E9-57FDA9DFFA3B}.Debug|Any CPU.Build.0 = Debug|Any CPU
		{B13957DF-EBB0-468C-86E9-57FDA9DFFA3B}.Debug|x64.ActiveCfg = Debug|Any CPU
		{B13957DF-EBB0-468C-86E9-57FDA9DFFA3B}.Debug|x64.Build.0 = Debug|Any CPU
		{B13957DF-EBB0-468C-86E9-57FDA9DFFA3B}.Debug|x86.ActiveCfg = Debug|Any CPU
		{B13957DF-EBB0-468C-86E9-57FDA9DFFA3B}.Debug|x86.Build.0 = Debug|Any CPU
		{B13957DF-EBB0-468C-86E9-57FDA9DFFA3B}.Release|Any CPU.ActiveCfg = Release|Any CPU
		{B13957DF-EBB0-468C-86E9-57FDA9DFFA3B}.Release|Any CPU.Build.0 = Release|Any CPU
		{B13957DF-EBB0-468C-86E9-57FDA9DFFA3B}.Release|x64.ActiveCfg = Release|Any CPU
		{B13957DF-EBB0-468C-86E9-57FDA9DFFA3B}.Release|x64.Build.0 = Release|Any CPU
		{B13957DF-EBB0-468C-86E9-57FDA9DFFA3B}.Release|x86.ActiveCfg = Release|Any CPU
		{B13957DF-EBB0-468C-86E9-57FDA9DFFA3B}.Release|x86.Build.0 = Release|Any CPU
		{9CEF1690-1569-4E1F-BE7D-F8D8D94C834B}.Debug|Any CPU.ActiveCfg = Debug|Any CPU
		{9CEF1690-1569-4E1F-BE7D-F8D8D94C834B}.Debug|Any CPU.Build.0 = Debug|Any CPU
		{9CEF1690-1569-4E1F-BE7D-F8D8D94C834B}.Debug|x64.ActiveCfg = Debug|Any CPU
		{9CEF1690-1569-4E1F-BE7D-F8D8D94C834B}.Debug|x64.Build.0 = Debug|Any CPU
		{9CEF1690-1569-4E1F-BE7D-F8D8D94C834B}.Debug|x86.ActiveCfg = Debug|Any CPU
		{9CEF1690-1569-4E1F-BE7D-F8D8D94C834B}.Debug|x86.Build.0 = Debug|Any CPU
		{9CEF1690-1569-4E1F-BE7D-F8D8D94C834B}.Release|Any CPU.ActiveCfg = Release|Any CPU
		{9CEF1690-1569-4E1F-BE7D-F8D8D94C834B}.Release|Any CPU.Build.0 = Release|Any CPU
		{9CEF1690-1569-4E1F-BE7D-F8D8D94C834B}.Release|x64.ActiveCfg = Release|Any CPU
		{9CEF1690-1569-4E1F-BE7D-F8D8D94C834B}.Release|x64.Build.0 = Release|Any CPU
		{9CEF1690-1569-4E1F-BE7D-F8D8D94C834B}.Release|x86.ActiveCfg = Release|Any CPU
		{9CEF1690-1569-4E1F-BE7D-F8D8D94C834B}.Release|x86.Build.0 = Release|Any CPU
		{F56F120C-8F5B-416C-A326-56CF4CC1AC7A}.Debug|Any CPU.ActiveCfg = Debug|Any CPU
		{F56F120C-8F5B-416C-A326-56CF4CC1AC7A}.Debug|Any CPU.Build.0 = Debug|Any CPU
		{F56F120C-8F5B-416C-A326-56CF4CC1AC7A}.Debug|x64.ActiveCfg = Debug|Any CPU
		{F56F120C-8F5B-416C-A326-56CF4CC1AC7A}.Debug|x64.Build.0 = Debug|Any CPU
		{F56F120C-8F5B-416C-A326-56CF4CC1AC7A}.Debug|x86.ActiveCfg = Debug|Any CPU
		{F56F120C-8F5B-416C-A326-56CF4CC1AC7A}.Debug|x86.Build.0 = Debug|Any CPU
		{F56F120C-8F5B-416C-A326-56CF4CC1AC7A}.Release|Any CPU.ActiveCfg = Release|Any CPU
		{F56F120C-8F5B-416C-A326-56CF4CC1AC7A}.Release|Any CPU.Build.0 = Release|Any CPU
		{F56F120C-8F5B-416C-A326-56CF4CC1AC7A}.Release|x64.ActiveCfg = Release|Any CPU
		{F56F120C-8F5B-416C-A326-56CF4CC1AC7A}.Release|x64.Build.0 = Release|Any CPU
		{F56F120C-8F5B-416C-A326-56CF4CC1AC7A}.Release|x86.ActiveCfg = Release|Any CPU
		{F56F120C-8F5B-416C-A326-56CF4CC1AC7A}.Release|x86.Build.0 = Release|Any CPU
		{F8BA9A9F-1906-4E74-9A6F-22CF68765954}.Debug|Any CPU.ActiveCfg = Debug|Any CPU
		{F8BA9A9F-1906-4E74-9A6F-22CF68765954}.Debug|Any CPU.Build.0 = Debug|Any CPU
		{F8BA9A9F-1906-4E74-9A6F-22CF68765954}.Debug|x64.ActiveCfg = Debug|Any CPU
		{F8BA9A9F-1906-4E74-9A6F-22CF68765954}.Debug|x64.Build.0 = Debug|Any CPU
		{F8BA9A9F-1906-4E74-9A6F-22CF68765954}.Debug|x86.ActiveCfg = Debug|Any CPU
		{F8BA9A9F-1906-4E74-9A6F-22CF68765954}.Debug|x86.Build.0 = Debug|Any CPU
		{F8BA9A9F-1906-4E74-9A6F-22CF68765954}.Release|Any CPU.ActiveCfg = Release|Any CPU
		{F8BA9A9F-1906-4E74-9A6F-22CF68765954}.Release|Any CPU.Build.0 = Release|Any CPU
		{F8BA9A9F-1906-4E74-9A6F-22CF68765954}.Release|x64.ActiveCfg = Release|Any CPU
		{F8BA9A9F-1906-4E74-9A6F-22CF68765954}.Release|x64.Build.0 = Release|Any CPU
		{F8BA9A9F-1906-4E74-9A6F-22CF68765954}.Release|x86.ActiveCfg = Release|Any CPU
		{F8BA9A9F-1906-4E74-9A6F-22CF68765954}.Release|x86.Build.0 = Release|Any CPU
		{B601E982-4506-417D-A398-FE2B7076CFB5}.Debug|Any CPU.ActiveCfg = Debug|Any CPU
		{B601E982-4506-417D-A398-FE2B7076CFB5}.Debug|Any CPU.Build.0 = Debug|Any CPU
		{B601E982-4506-417D-A398-FE2B7076CFB5}.Debug|x64.ActiveCfg = Debug|Any CPU
		{B601E982-4506-417D-A398-FE2B7076CFB5}.Debug|x64.Build.0 = Debug|Any CPU
		{B601E982-4506-417D-A398-FE2B7076CFB5}.Debug|x86.ActiveCfg = Debug|Any CPU
		{B601E982-4506-417D-A398-FE2B7076CFB5}.Debug|x86.Build.0 = Debug|Any CPU
		{B601E982-4506-417D-A398-FE2B7076CFB5}.Release|Any CPU.ActiveCfg = Release|Any CPU
		{B601E982-4506-417D-A398-FE2B7076CFB5}.Release|Any CPU.Build.0 = Release|Any CPU
		{B601E982-4506-417D-A398-FE2B7076CFB5}.Release|x64.ActiveCfg = Release|Any CPU
		{B601E982-4506-417D-A398-FE2B7076CFB5}.Release|x64.Build.0 = Release|Any CPU
		{B601E982-4506-417D-A398-FE2B7076CFB5}.Release|x86.ActiveCfg = Release|Any CPU
		{B601E982-4506-417D-A398-FE2B7076CFB5}.Release|x86.Build.0 = Release|Any CPU
	EndGlobalSection
	GlobalSection(SolutionProperties) = preSolution
		HideSolutionNode = FALSE
	EndGlobalSection
	GlobalSection(NestedProjects) = preSolution
		{5EB5DB5C-DC32-4698-AE35-51AE39D1BCE1} = {86F43000-AA0C-4354-A762-A917AF51B70A}
		{E2CFDC2A-D6E7-42E9-ACA9-5E15036A1B98} = {5C1A7536-6398-4865-B5B5-CFED6432F891}
		{B13957DF-EBB0-468C-86E9-57FDA9DFFA3B} = {0F4D41FE-0BB8-40C9-9B5A-4B125C9116D6}
		{9CEF1690-1569-4E1F-BE7D-F8D8D94C834B} = {86F43000-AA0C-4354-A762-A917AF51B70A}
		{F56F120C-8F5B-416C-A326-56CF4CC1AC7A} = {5C1A7536-6398-4865-B5B5-CFED6432F891}
		{F8BA9A9F-1906-4E74-9A6F-22CF68765954} = {86F43000-AA0C-4354-A762-A917AF51B70A}
		{B601E982-4506-417D-A398-FE2B7076CFB5} = {5C1A7536-6398-4865-B5B5-CFED6432F891}
	EndGlobalSection
EndGlobal
